<?xml version="1.0" encoding="utf-8"?>
<Project ToolsVersion="4.0" xmlns="http://schemas.microsoft.com/developer/msbuild/2003">
  <ItemGroup>
    <ClCompile Include="src\GameData.cpp">
      <Filter>src</Filter>
    </ClCompile>
    <ClCompile Include="src\GameLoader.cpp">
      <Filter>src</Filter>
    </ClCompile>
    <ClCompile Include="src\GameOverScreen.cpp">
      <Filter>src</Filter>
    </ClCompile>
    <ClCompile Include="src\GameScreen.cpp">
      <Filter>src</Filter>
    </ClCompile>
    <ClCompile Include="src\MenuScreen.cpp">
      <Filter>src</Filter>
    </ClCompile>
    <ClCompile Include="src\stdafx.cpp">
      <Filter>src</Filter>
    </ClCompile>
    <ClCompile Include="src\main.cpp">
      <Filter>src</Filter>
    </ClCompile>
  </ItemGroup>
  <ItemGroup>
    <ClInclude Include="include\GameData.h">
      <Filter>include</Filter>
    </ClInclude>
    <ClInclude Include="include\GameLoader.h">
      <Filter>include</Filter>
    </ClInclude>
    <ClInclude Include="include\GameScreen.h">
      <Filter>include</Filter>
    </ClInclude>
    <ClInclude Include="include\Helpers.h">
      <Filter>include</Filter>
    </ClInclude>
    <ClInclude Include="include\GameOverScreen.h">
      <Filter>include</Filter>
    </ClInclude>
    <ClInclude Include="include\MenuScreen.h">
      <Filter>include</Filter>
    </ClInclude>
    <ClInclude Include="include\Screen.h">
      <Filter>include</Filter>
    </ClInclude>
    <ClInclude Include="include\stdafx.h">
      <Filter>include</Filter>
    </ClInclude>
    <ClInclude Include="include\targetver.h">
      <Filter>include</Filter>
    </ClInclude>
  </ItemGroup>
  <ItemGroup>
    <Filter Include="include">
      <UniqueIdentifier>{d11a23da-dced-4a5f-8c2a-e1c20ec9ac06}</UniqueIdentifier>
    </Filter>
    <Filter Include="src">
      <UniqueIdentifier>{b90bf02d-c663-4a39-9cdb-a595f999b7af}</UniqueIdentifier>
    </Filter>
    <Filter Include="assets">
      <UniqueIdentifier>{bf707250-f302-4cf4-8ee7-2aa7d7dd5666}</UniqueIdentifier>
    </Filter>
  </ItemGroup>
  <ItemGroup>
    <None Include="assets\data.json">
      <Filter>assets</Filter>
    </None>
  </ItemGroup>
</Project>